
Microsoft Visual Studio Solution File, Format Version 12.00
# Visual Studio Version 17
VisualStudioVersion = 17.8.34408.163
MinimumVisualStudioVersion = 10.0.40219.1
Project("{FAE04EC0-301F-11D3-BF4B-00C04F79EFBC}") = "Midterm", "Midterm.csproj", "{6B21DDB2-56CB-4B19-B658-1F35157FCE8A}"
EndProject
Global
	GlobalSection(SolutionConfigurationPlatforms) = preSolution
		Debug|Any CPU = Debug|Any CPU
		Release|Any CPU = Release|Any CPU
	EndGlobalSection
	GlobalSection(ProjectConfigurationPlatforms) = postSolution
		{6B21DDB2-56CB-4B19-B658-1F35157FCE8A}.Debug|Any CPU.ActiveCfg = Debug|Any CPU
		{6B21DDB2-56CB-4B19-B658-1F35157FCE8A}.Debug|Any CPU.Build.0 = Debug|Any CPU
		{6B21DDB2-56CB-4B19-B658-1F35157FCE8A}.Release|Any CPU.ActiveCfg = Release|Any CPU
		{6B21DDB2-56CB-4B19-B658-1F35157FCE8A}.Release|Any CPU.Build.0 = Release|Any CPU
	EndGlobalSection
	GlobalSection(SolutionProperties) = preSolution
		HideSolutionNode = FALSE
	EndGlobalSection
	GlobalSection(ExtensibilityGlobals) = postSolution
		SolutionGuid = {CD015DD6-E9F9-4C95-B627-60A7946AE30F}
	EndGlobalSection
EndGlobal
